
Microsoft Visual Studio Solution File, Format Version 12.00
# Visual Studio Version 17
VisualStudioVersion = 17.13.35806.99 d17.13
MinimumVisualStudioVersion = 10.0.40219.1
Project("{FAE04EC0-301F-11D3-BF4B-00C04F79EFBC}") = "lab2", "lab2\lab2.csproj", "{DC27060C-89D4-4312-911D-190532611E40}"
EndProject
Project("{FAE04EC0-301F-11D3-BF4B-00C04F79EFBC}") = "la2.Tests", "la2.Tests\la2.Tests.csproj", "{92D51B89-00B9-4F4A-A213-A83E83608ADB}"
EndProject
Global
	GlobalSection(SolutionConfigurationPlatforms) = preSolution
		Debug|Any CPU = Debug|Any CPU
		Release|Any CPU = Release|Any CPU
	EndGlobalSection
	GlobalSection(ProjectConfigurationPlatforms) = postSolution
		{DC27060C-89D4-4312-911D-190532611E40}.Debug|Any CPU.ActiveCfg = Debug|Any CPU
		{DC27060C-89D4-4312-911D-190532611E40}.Debug|Any CPU.Build.0 = Debug|Any CPU
		{DC27060C-89D4-4312-911D-190532611E40}.Release|Any CPU.ActiveCfg = Release|Any CPU
		{DC27060C-89D4-4312-911D-190532611E40}.Release|Any CPU.Build.0 = Release|Any CPU
		{92D51B89-00B9-4F4A-A213-A83E83608ADB}.Debug|Any CPU.ActiveCfg = Debug|Any CPU
		{92D51B89-00B9-4F4A-A213-A83E83608ADB}.Debug|Any CPU.Build.0 = Debug|Any CPU
		{92D51B89-00B9-4F4A-A213-A83E83608ADB}.Release|Any CPU.ActiveCfg = Release|Any CPU
		{92D51B89-00B9-4F4A-A213-A83E83608ADB}.Release|Any CPU.Build.0 = Release|Any CPU
	EndGlobalSection
	GlobalSection(SolutionProperties) = preSolution
		HideSolutionNode = FALSE
	EndGlobalSection
	GlobalSection(ExtensibilityGlobals) = postSolution
		SolutionGuid = {8782D226-4275-4E23-A297-8160CE8453A8}
	EndGlobalSection
EndGlobal
